<?xml version="1.0" encoding="utf-8"?>
<Project ToolsVersion="4.0" xmlns="http://schemas.microsoft.com/developer/msbuild/2003">
  <ItemGroup>
    <Filter Include="Source Files">
      <UniqueIdentifier>{4FC737F1-C7A5-4376-A066-2A32D752A2FF}</UniqueIdentifier>
      <Extensions>cpp;c;cc;cxx;def;odl;idl;hpj;bat;asm;asmx</Extensions>
    </Filter>
    <Filter Include="Header Files">
      <UniqueIdentifier>{93995380-89BD-4b04-88EB-625FBE52EBFB}</UniqueIdentifier>
      <Extensions>h;hh;hpp;hxx;hm;inl;inc;xsd</Extensions>
    </Filter>
  </ItemGroup>
  <ItemGroup>
    <ClCompile Include="..\benchmark.cpp">
      <Filter>Source Files</Filter>
    </ClCompile>
    <ClCompile Include="..\bitbase.cpp">
      <Filter>Source Files</Filter>
    </ClCompile>
    <ClCompile Include="..\bitboard.cpp">
      <Filter>Source Files</Filter>
    </ClCompile>
    <ClCompile Include="..\endgame.cpp">
      <Filter>Source Files</Filter>
    </ClCompile>
    <ClCompile Include="..\evaluate.cpp">
      <Filter>Source Files</Filter>
    </ClCompile>
    <ClCompile Include="..\main.cpp">
      <Filter>Source Files</Filter>
    </ClCompile>
    <ClCompile Include="..\material.cpp">
      <Filter>Source Files</Filter>
    </ClCompile>
    <ClCompile Include="..\misc.cpp">
      <Filter>Source Files</Filter>
    </ClCompile>
    <ClCompile Include="..\movegen.cpp">
      <Filter>Source Files</Filter>
    </ClCompile>
    <ClCompile Include="..\movepick.cpp">
      <Filter>Source Files</Filter>
    </ClCompile>
    <ClCompile Include="..\pawns.cpp">
      <Filter>Source Files</Filter>
    </ClCompile>
    <ClCompile Include="..\position.cpp">
      <Filter>Source Files</Filter>
    </ClCompile>
    <ClCompile Include="..\psqt.cpp">
      <Filter>Source Files</Filter>
    </ClCompile>
    <ClCompile Include="..\search.cpp">
      <Filter>Source Files</Filter>
    </ClCompile>
    <ClCompile Include="..\thread.cpp">
      <Filter>Source Files</Filter>
    </ClCompile>
    <ClCompile Include="..\timeman.cpp">
      <Filter>Source Files</Filter>
    </ClCompile>
    <ClCompile Include="..\tt.cpp">
      <Filter>Source Files</Filter>
    </ClCompile>
    <ClCompile Include="..\tune.cpp">
      <Filter>Source Files</Filter>
    </ClCompile>
    <ClCompile Include="..\uci.cpp">
      <Filter>Source Files</Filter>
    </ClCompile>
    <ClCompile Include="..\ucioption.cpp">
      <Filter>Source Files</Filter>
    </ClCompile>
    <ClCompile Include="..\nnue\evaluate_nnue.cpp">
      <Filter>Source Files</Filter>
    </ClCompile>
    <ClCompile Include="..\nnue\features\half_ka_v2_hm.cpp">
      <Filter>Source Files</Filter>
    </ClCompile>
    <ClCompile Include="..\syzygy\tbprobe.cpp">
      <Filter>Source Files</Filter>
    </ClCompile>
  </ItemGroup>
  <ItemGroup>
    <ClInclude Include="..\bitboard.h">
      <Filter>Header Files</Filter>
    </ClInclude>
    <ClInclude Include="..\endgame.h">
      <Filter>Header Files</Filter>
    </ClInclude>
    <ClInclude Include="..\evaluate.h">
      <Filter>Header Files</Filter>
    </ClInclude>
    <ClInclude Include="..\material.h">
      <Filter>Header Files</Filter>
    </ClInclude>
    <ClInclude Include="..\misc.h">
      <Filter>Header Files</Filter>
    </ClInclude>
    <ClInclude Include="..\movegen.h">
      <Filter>Header Files</Filter>
    </ClInclude>
    <ClInclude Include="..\movepick.h">
      <Filter>Header Files</Filter>
    </ClInclude>
    <ClInclude Include="..\pawns.h">
      <Filter>Header Files</Filter>
    </ClInclude>
    <ClInclude Include="..\position.h">
      <Filter>Header Files</Filter>
    </ClInclude>
    <ClInclude Include="..\psqt.h">
      <Filter>Header Files</Filter>
    </ClInclude>
    <ClInclude Include="..\search.h">
      <Filter>Header Files</Filter>
    </ClInclude>
    <ClInclude Include="..\thread.h">
      <Filter>Header Files</Filter>
    </ClInclude>
    <ClInclude Include="..\thread_win32_osx.h">
      <Filter>Header Files</Filter>
    </ClInclude>
    <ClInclude Include="..\timeman.h">
      <Filter>Header Files</Filter>
    </ClInclude>
    <ClInclude Include="..\tt.h">
      <Filter>Header Files</Filter>
    </ClInclude>
    <ClInclude Include="..\tune.h">
      <Filter>Header Files</Filter>
    </ClInclude>
    <ClInclude Include="..\types.h">
      <Filter>Header Files</Filter>
    </ClInclude>
    <ClInclude Include="..\uci.h">
      <Filter>Header Files</Filter>
    </ClInclude>
    <ClInclude Include="..\incbin\incbin.h">
      <Filter>Header Files</Filter>
    </ClInclude>
    <ClInclude Include="..\nnue\evaluate_nnue.h">
      <Filter>Header Files</Filter>
    </ClInclude>
    <ClInclude Include="..\nnue\nnue_accumulator.h">
      <Filter>Header Files</Filter>
    </ClInclude>
    <ClInclude Include="..\nnue\nnue_architecture.h">
      <Filter>Header Files</Filter>
    </ClInclude>
    <ClInclude Include="..\nnue\nnue_common.h">
      <Filter>Header Files</Filter>
    </ClInclude>
    <ClInclude Include="..\nnue\nnue_feature_transformer.h">
      <Filter>Header Files</Filter>
    </ClInclude>
    <ClInclude Include="..\nnue\features\half_ka_v2_hm.h">
      <Filter>Header Files</Filter>
    </ClInclude>
    <ClInclude Include="..\nnue\layers\affine_transform.h">
      <Filter>Header Files</Filter>
    </ClInclude>
    <ClInclude Include="..\nnue\layers\clipped_relu.h">
      <Filter>Header Files</Filter>
    </ClInclude>
    <ClInclude Include="..\nnue\layers\input_slice.h">
      <Filter>Header Files</Filter>
    </ClInclude>
    <ClInclude Include="..\syzygy\tbprobe.h">
      <Filter>Header Files</Filter>
    </ClInclude>
  </ItemGroup>
</Project>