<?xml version="1.0" encoding="utf-8"?>
<Project ToolsVersion="4.0" xmlns="http://schemas.microsoft.com/developer/msbuild/2003">
  <ItemGroup>
    <Filter Include="Source Files">
      <UniqueIdentifier>{4FC737F1-C7A5-4376-A066-2A32D752A2FF}</UniqueIdentifier>
      <Extensions>cpp;c;cc;cxx;def;odl;idl;hpj;bat;asm;asmx</Extensions>
    </Filter>
    <Filter Include="Header Files">
      <UniqueIdentifier>{93995380-89BD-4b04-88EB-625FBE52EBFB}</UniqueIdentifier>
      <Extensions>h;hh;hpp;hxx;hm;inl;inc;xsd</Extensions>
    </Filter>
    <Filter Include="Resource Files">
      <UniqueIdentifier>{67DA6AB6-F800-4c08-8B7A-83BB121AAD01}</UniqueIdentifier>
      <Extensions>rc;ico;cur;bmp;dlg;rc2;rct;bin;rgs;gif;jpg;jpeg;jpe;resx;tiff;tif;png;wav</Extensions>
    </Filter>
  </ItemGroup>
  <ItemGroup>
    <ClCompile Include="benchmark.cpp">
      <Filter>Source Files</Filter>
    </ClCompile>
    <ClCompile Include="bitbase.cpp">
      <Filter>Source Files</Filter>
    </ClCompile>
    <ClCompile Include="bitboard.cpp">
      <Filter>Source Files</Filter>
    </ClCompile>
    <ClCompile Include="book.cpp">
      <Filter>Source Files</Filter>
    </ClCompile>
    <ClCompile Include="endgame.cpp">
      <Filter>Source Files</Filter>
    </ClCompile>
    <ClCompile Include="evaluate.cpp">
      <Filter>Source Files</Filter>
    </ClCompile>
    <ClCompile Include="main.cpp">
      <Filter>Source Files</Filter>
    </ClCompile>
    <ClCompile Include="material.cpp">
      <Filter>Source Files</Filter>
    </ClCompile>
    <ClCompile Include="misc.cpp">
      <Filter>Source Files</Filter>
    </ClCompile>
    <ClCompile Include="movegen.cpp">
      <Filter>Source Files</Filter>
    </ClCompile>
    <ClCompile Include="movepick.cpp">
      <Filter>Source Files</Filter>
    </ClCompile>
    <ClCompile Include="pawns.cpp">
      <Filter>Source Files</Filter>
    </ClCompile>
    <ClCompile Include="position.cpp">
      <Filter>Source Files</Filter>
    </ClCompile>
    <ClCompile Include="psqt.cpp">
      <Filter>Source Files</Filter>
    </ClCompile>
    <ClCompile Include="search.cpp">
      <Filter>Source Files</Filter>
    </ClCompile>
    <ClCompile Include="thread.cpp">
      <Filter>Source Files</Filter>
    </ClCompile>
    <ClCompile Include="timeman.cpp">
      <Filter>Source Files</Filter>
    </ClCompile>
    <ClCompile Include="tt.cpp">
      <Filter>Source Files</Filter>
    </ClCompile>
    <ClCompile Include="polybook.cpp">
      <Filter>Source Files</Filter>
    </ClCompile>
    <ClCompile Include="uci.cpp">
      <Filter>Source Files</Filter>
    </ClCompile>
    <ClCompile Include="ucioption.cpp">
      <Filter>Source Files</Filter>
    </ClCompile>
    <ClCompile Include="syzygy\tbprobe.cpp">
      <Filter>Source Files</Filter>
    </ClCompile>
  </ItemGroup>
  <ItemGroup>
    <ClInclude Include="bitboard.h">
      <Filter>Header Files</Filter>
    </ClInclude>
    <ClInclude Include="book.h">
      <Filter>Header Files</Filter>
    </ClInclude>
    <ClInclude Include="endgame.h">
      <Filter>Header Files</Filter>
    </ClInclude>
    <ClInclude Include="evaluate.h">
      <Filter>Header Files</Filter>
    </ClInclude>
    <ClInclude Include="material.h">
      <Filter>Header Files</Filter>
    </ClInclude>
    <ClInclude Include="misc.h">
      <Filter>Header Files</Filter>
    </ClInclude>
    <ClInclude Include="movegen.h">
      <Filter>Header Files</Filter>
    </ClInclude>
    <ClInclude Include="movepick.h">
      <Filter>Header Files</Filter>
    </ClInclude>
    <ClInclude Include="pawns.h">
      <Filter>Header Files</Filter>
    </ClInclude>
    <ClInclude Include="position.h">
      <Filter>Header Files</Filter>
    </ClInclude>
    <ClInclude Include="search.h">
      <Filter>Header Files</Filter>
    </ClInclude>
    <ClInclude Include="thread.h">
      <Filter>Header Files</Filter>
    </ClInclude>
    <ClInclude Include="thread_win32.h">
      <Filter>Header Files</Filter>
    </ClInclude>
    <ClInclude Include="timeman.h">
      <Filter>Header Files</Filter>
    </ClInclude>
    <ClInclude Include="tt.h">
      <Filter>Header Files</Filter>
    </ClInclude>
    <ClInclude Include="types.h">
      <Filter>Header Files</Filter>
    </ClInclude>
    <ClInclude Include="polybook.h">
      <Filter>Header Files</Filter>
    </ClInclude>
    <ClInclude Include="uci.h">
      <Filter>Header Files</Filter>
    </ClInclude>
    <ClInclude Include="syzygy\tbprobe.h">
      <Filter>Header Files</Filter>
    </ClInclude>
    <ClInclude Include="VersionHelpers.h">
      <Filter>Header Files</Filter>
    </ClInclude>
  </ItemGroup>
</Project>