Microsoft Visual Studio Solution File, Format Version 12.00
# Visual Studio 15
VisualStudioVersion = 15.0.26403.7
MinimumVisualStudioVersion = 10.0.40219.1
Project("{8BC9CEB8-8B4A-11D0-8D11-00A0C91BC942}") = "Sugar", "Sugar.vcxproj", "{2EC0B847-72BD-4BD8-86E4-134DDF1FC85C}"
EndProject
Global
	GlobalSection(SolutionConfigurationPlatforms) = preSolution
		Debug|x64 = Debug|x64
		Debug|x86 = Debug|x86
		Release AVX|x64 = Release AVX|x64
		Release AVX|x86 = Release AVX|x86
		Release AVX2|x64 = Release AVX2|x64
		Release AVX2|x86 = Release AVX2|x86
		Release SSE|x64 = Release SSE|x64
		Release SSE|x86 = Release SSE|x86
		Release SSE2|x64 = Release SSE2|x64
		Release SSE2|x86 = Release SSE2|x86
		Release|x64 = Release|x64
		Release|x86 = Release|x86
	EndGlobalSection
	GlobalSection(ProjectConfigurationPlatforms) = postSolution
		{2EC0B847-72BD-4BD8-86E4-134DDF1FC85C}.Debug|x64.ActiveCfg = Debug|x64
		{2EC0B847-72BD-4BD8-86E4-134DDF1FC85C}.Debug|x64.Build.0 = Debug|x64
		{2EC0B847-72BD-4BD8-86E4-134DDF1FC85C}.Debug|x64.Deploy.0 = Debug|x64
		{2EC0B847-72BD-4BD8-86E4-134DDF1FC85C}.Debug|x86.ActiveCfg = Debug|Win32
		{2EC0B847-72BD-4BD8-86E4-134DDF1FC85C}.Debug|x86.Build.0 = Debug|Win32
		{2EC0B847-72BD-4BD8-86E4-134DDF1FC85C}.Release AVX|x64.ActiveCfg = Release AVX|x64
		{2EC0B847-72BD-4BD8-86E4-134DDF1FC85C}.Release AVX|x64.Build.0 = Release AVX|x64
		{2EC0B847-72BD-4BD8-86E4-134DDF1FC85C}.Release AVX|x86.ActiveCfg = Release AVX|Win32
		{2EC0B847-72BD-4BD8-86E4-134DDF1FC85C}.Release AVX|x86.Build.0 = Release AVX|Win32
		{2EC0B847-72BD-4BD8-86E4-134DDF1FC85C}.Release AVX2|x64.ActiveCfg = Release AVX2|x64
		{2EC0B847-72BD-4BD8-86E4-134DDF1FC85C}.Release AVX2|x64.Build.0 = Release AVX2|x64
		{2EC0B847-72BD-4BD8-86E4-134DDF1FC85C}.Release AVX2|x86.ActiveCfg = Release AVX2|Win32
		{2EC0B847-72BD-4BD8-86E4-134DDF1FC85C}.Release AVX2|x86.Build.0 = Release AVX2|Win32
		{2EC0B847-72BD-4BD8-86E4-134DDF1FC85C}.Release SSE|x64.ActiveCfg = Release SSE|x64
		{2EC0B847-72BD-4BD8-86E4-134DDF1FC85C}.Release SSE|x64.Build.0 = Release SSE|x64
		{2EC0B847-72BD-4BD8-86E4-134DDF1FC85C}.Release SSE|x86.ActiveCfg = Release SSE|Win32
		{2EC0B847-72BD-4BD8-86E4-134DDF1FC85C}.Release SSE|x86.Build.0 = Release SSE|Win32
		{2EC0B847-72BD-4BD8-86E4-134DDF1FC85C}.Release SSE2|x64.ActiveCfg = Release SSE2|x64
		{2EC0B847-72BD-4BD8-86E4-134DDF1FC85C}.Release SSE2|x64.Build.0 = Release SSE2|x64
		{2EC0B847-72BD-4BD8-86E4-134DDF1FC85C}.Release SSE2|x86.ActiveCfg = Release SSE2|Win32
		{2EC0B847-72BD-4BD8-86E4-134DDF1FC85C}.Release SSE2|x86.Build.0 = Release SSE2|Win32
		{2EC0B847-72BD-4BD8-86E4-134DDF1FC85C}.Release|x64.ActiveCfg = Release|x64
		{2EC0B847-72BD-4BD8-86E4-134DDF1FC85C}.Release|x64.Build.0 = Release|x64
		{2EC0B847-72BD-4BD8-86E4-134DDF1FC85C}.Release|x86.ActiveCfg = Release|Win32
		{2EC0B847-72BD-4BD8-86E4-134DDF1FC85C}.Release|x86.Build.0 = Release|Win32
	EndGlobalSection
	GlobalSection(SolutionProperties) = preSolution
		HideSolutionNode = FALSE
	EndGlobalSection
EndGlobal
